// !$*UTF8*$!
{
	archiveVersion = 1;
	classes = {
	};
	objectVersion = 52;
	objects = {

/* Begin PBXBuildFile section */
		058557BB273AAA24004C7B11 /* Assets.xcassets in Resources */ = {isa = PBXBuildFile; fileRef = 058557BA273AAA24004C7B11 /* Assets.xcassets */; };
		058557D9273AAEEB004C7B11 /* Preview Assets.xcassets in Resources */ = {isa = PBXBuildFile; fileRef = 058557D8273AAEEB004C7B11 /* Preview Assets.xcassets */; };
		2152FB042600AC8F00CF470E /* iOSApp.swift in Sources */ = {isa = PBXBuildFile; fileRef = 2152FB032600AC8F00CF470E /* iOSApp.swift */; };
		5600492A28534CD2003937A8 /* StandartAlert.swift in Sources */ = {isa = PBXBuildFile; fileRef = 5600492928534CD2003937A8 /* StandartAlert.swift */; };
		560C7F4028505CAC002D6324 /* Utils.swift in Sources */ = {isa = PBXBuildFile; fileRef = 560C7F3F28505CAB002D6324 /* Utils.swift */; };
		560C7F4328508B2C002D6324 /* MenuView.swift in Sources */ = {isa = PBXBuildFile; fileRef = 560C7F4228508B2C002D6324 /* MenuView.swift */; };
		561861F5284A128300C3CA28 /* AnyFormatKitSwiftUI in Frameworks */ = {isa = PBXBuildFile; productRef = 561861F4284A128300C3CA28 /* AnyFormatKitSwiftUI */; };
		561861F7284DB66500C3CA28 /* Constants.swift in Sources */ = {isa = PBXBuildFile; fileRef = 561861F6284DB66100C3CA28 /* Constants.swift */; };
		561AE9E52852F6580016F92F /* MainPresenter.swift in Sources */ = {isa = PBXBuildFile; fileRef = 561AE9E42852F6570016F92F /* MainPresenter.swift */; };
		561AE9EA2852FDAC0016F92F /* ProfilePage.swift in Sources */ = {isa = PBXBuildFile; fileRef = 561AE9E92852FDAC0016F92F /* ProfilePage.swift */; };
		561AE9EC2852FDC10016F92F /* DoctorsPage.swift in Sources */ = {isa = PBXBuildFile; fileRef = 561AE9EB2852FDC10016F92F /* DoctorsPage.swift */; };
		561AE9EE2852FDD60016F92F /* ServicesPage.swift in Sources */ = {isa = PBXBuildFile; fileRef = 561AE9ED2852FDD60016F92F /* ServicesPage.swift */; };
		562784ED2840C43000F48910 /* SharedPreferenses.swift in Sources */ = {isa = PBXBuildFile; fileRef = 562784EC2840C43000F48910 /* SharedPreferenses.swift */; };
		56511C6A28586D5C009BE7CD /* ProfilePresenter.swift in Sources */ = {isa = PBXBuildFile; fileRef = 56511C6928586D5C009BE7CD /* ProfilePresenter.swift */; };
		5663CF8B283E05F300EBD24B /* LoginUiView.swift in Sources */ = {isa = PBXBuildFile; fileRef = 5663CF8A283E05F300EBD24B /* LoginUiView.swift */; };
		5663CFC5283F303800EBD24B /* SplashUIView.swift in Sources */ = {isa = PBXBuildFile; fileRef = 5663CFC4283F303800EBD24B /* SplashUIView.swift */; };
		5663CFC7283F314800EBD24B /* SplashPresenter.swift in Sources */ = {isa = PBXBuildFile; fileRef = 5663CFC6283F314800EBD24B /* SplashPresenter.swift */; };
		5664383B2860898500FAA6F0 /* MDate.swift in Sources */ = {isa = PBXBuildFile; fileRef = 5664383A2860898500FAA6F0 /* MDate.swift */; };
		5664383D28616D2C00FAA6F0 /* ProfileTitle.swift in Sources */ = {isa = PBXBuildFile; fileRef = 5664383C28616D2C00FAA6F0 /* ProfileTitle.swift */; };
		56773887285C757700A02722 /* VisitResponseIos.swift in Sources */ = {isa = PBXBuildFile; fileRef = 56773886285C757700A02722 /* VisitResponseIos.swift */; };
		5677388A285C86C700A02722 /* ProfileItem.swift in Sources */ = {isa = PBXBuildFile; fileRef = 56773889285C86C700A02722 /* ProfileItem.swift */; };
		5685469B284878AF00E5DDFE /* NetMonitor.swift in Sources */ = {isa = PBXBuildFile; fileRef = 5685469A284878AF00E5DDFE /* NetMonitor.swift */; };
		5685469E28489C5200E5DDFE /* LoginPresenter.swift in Sources */ = {isa = PBXBuildFile; fileRef = 5685469D28489C5200E5DDFE /* LoginPresenter.swift */; };
		568546A12849CB9200E5DDFE /* InputMask in Frameworks */ = {isa = PBXBuildFile; productRef = 568546A02849CB9200E5DDFE /* InputMask */; };
		568546A62849F0B400E5DDFE /* iPhoneNumberField in Frameworks */ = {isa = PBXBuildFile; productRef = 568546A52849F0B400E5DDFE /* iPhoneNumberField */; };
		56B05AC32840D81000CA0BB0 /* MainUIView.swift in Sources */ = {isa = PBXBuildFile; fileRef = 56B05AC22840D81000CA0BB0 /* MainUIView.swift */; };
		56B05AC62840E14300CA0BB0 /* LoggingTree.swift in Sources */ = {isa = PBXBuildFile; fileRef = 56B05AC52840E14300CA0BB0 /* LoggingTree.swift */; };
		56B05AC8284461F400CA0BB0 /* GoogleService-Info.plist in Resources */ = {isa = PBXBuildFile; fileRef = 56B05AC7284461F400CA0BB0 /* GoogleService-Info.plist */; };
		56B05ACB2844666000CA0BB0 /* FirebaseAnalytics in Frameworks */ = {isa = PBXBuildFile; productRef = 56B05ACA2844666000CA0BB0 /* FirebaseAnalytics */; };
		56B05ACD2844666100CA0BB0 /* FirebaseAnalyticsWithoutAdIdSupport in Frameworks */ = {isa = PBXBuildFile; productRef = 56B05ACC2844666100CA0BB0 /* FirebaseAnalyticsWithoutAdIdSupport */; };
		56B05ACF2844666100CA0BB0 /* FirebaseAppCheck in Frameworks */ = {isa = PBXBuildFile; productRef = 56B05ACE2844666100CA0BB0 /* FirebaseAppCheck */; };
		56B05AD12844666100CA0BB0 /* FirebaseCrashlytics in Frameworks */ = {isa = PBXBuildFile; productRef = 56B05AD02844666100CA0BB0 /* FirebaseCrashlytics */; };
		56B05AD32844666100CA0BB0 /* FirebaseMessaging in Frameworks */ = {isa = PBXBuildFile; productRef = 56B05AD22844666100CA0BB0 /* FirebaseMessaging */; };
/* End PBXBuildFile section */

/* Begin PBXCopyFilesBuildPhase section */
		7555FFB4242A642300829871 /* Embed Frameworks */ = {
			isa = PBXCopyFilesBuildPhase;
			buildActionMask = 2147483647;
			dstPath = "";
			dstSubfolderSpec = 10;
			files = (
			);
			name = "Embed Frameworks";
			runOnlyForDeploymentPostprocessing = 0;
		};
/* End PBXCopyFilesBuildPhase section */

/* Begin PBXFileReference section */
		058557BA273AAA24004C7B11 /* Assets.xcassets */ = {isa = PBXFileReference; lastKnownFileType = folder.assetcatalog; path = Assets.xcassets; sourceTree = "<group>"; };
		058557D8273AAEEB004C7B11 /* Preview Assets.xcassets */ = {isa = PBXFileReference; lastKnownFileType = folder.assetcatalog; path = "Preview Assets.xcassets"; sourceTree = "<group>"; };
		2152FB032600AC8F00CF470E /* iOSApp.swift */ = {isa = PBXFileReference; lastKnownFileType = sourcecode.swift; path = iOSApp.swift; sourceTree = "<group>"; };
		5600492928534CD2003937A8 /* StandartAlert.swift */ = {isa = PBXFileReference; lastKnownFileType = sourcecode.swift; path = StandartAlert.swift; sourceTree = "<group>"; };
		560C7F3F28505CAB002D6324 /* Utils.swift */ = {isa = PBXFileReference; lastKnownFileType = sourcecode.swift; path = Utils.swift; sourceTree = "<group>"; };
		560C7F4228508B2C002D6324 /* MenuView.swift */ = {isa = PBXFileReference; lastKnownFileType = sourcecode.swift; path = MenuView.swift; sourceTree = "<group>"; };
		561861F6284DB66100C3CA28 /* Constants.swift */ = {isa = PBXFileReference; lastKnownFileType = sourcecode.swift; path = Constants.swift; sourceTree = "<group>"; };
		561AE9E42852F6570016F92F /* MainPresenter.swift */ = {isa = PBXFileReference; lastKnownFileType = sourcecode.swift; path = MainPresenter.swift; sourceTree = "<group>"; };
		561AE9E92852FDAC0016F92F /* ProfilePage.swift */ = {isa = PBXFileReference; lastKnownFileType = sourcecode.swift; path = ProfilePage.swift; sourceTree = "<group>"; };
		561AE9EB2852FDC10016F92F /* DoctorsPage.swift */ = {isa = PBXFileReference; lastKnownFileType = sourcecode.swift; name = DoctorsPage.swift; path = iosApp/views/main/profile/DoctorsPage.swift; sourceTree = SOURCE_ROOT; };
		561AE9ED2852FDD60016F92F /* ServicesPage.swift */ = {isa = PBXFileReference; lastKnownFileType = sourcecode.swift; path = ServicesPage.swift; sourceTree = "<group>"; };
		562784EC2840C43000F48910 /* SharedPreferenses.swift */ = {isa = PBXFileReference; lastKnownFileType = sourcecode.swift; path = SharedPreferenses.swift; sourceTree = "<group>"; };
		56511C6928586D5C009BE7CD /* ProfilePresenter.swift */ = {isa = PBXFileReference; lastKnownFileType = sourcecode.swift; path = ProfilePresenter.swift; sourceTree = "<group>"; };
		5663CF8A283E05F300EBD24B /* LoginUiView.swift */ = {isa = PBXFileReference; lastKnownFileType = sourcecode.swift; path = LoginUiView.swift; sourceTree = "<group>"; };
		5663CFC4283F303800EBD24B /* SplashUIView.swift */ = {isa = PBXFileReference; lastKnownFileType = sourcecode.swift; path = SplashUIView.swift; sourceTree = "<group>"; };
		5663CFC6283F314800EBD24B /* SplashPresenter.swift */ = {isa = PBXFileReference; lastKnownFileType = sourcecode.swift; path = SplashPresenter.swift; sourceTree = "<group>"; };
		5664383A2860898500FAA6F0 /* MDate.swift */ = {isa = PBXFileReference; lastKnownFileType = sourcecode.swift; path = MDate.swift; sourceTree = "<group>"; };
		5664383C28616D2C00FAA6F0 /* ProfileTitle.swift */ = {isa = PBXFileReference; lastKnownFileType = sourcecode.swift; path = ProfileTitle.swift; sourceTree = "<group>"; };
		56773886285C757700A02722 /* VisitResponseIos.swift */ = {isa = PBXFileReference; lastKnownFileType = sourcecode.swift; path = VisitResponseIos.swift; sourceTree = "<group>"; };
		56773889285C86C700A02722 /* ProfileItem.swift */ = {isa = PBXFileReference; lastKnownFileType = sourcecode.swift; path = ProfileItem.swift; sourceTree = "<group>"; };
		5685469A284878AF00E5DDFE /* NetMonitor.swift */ = {isa = PBXFileReference; lastKnownFileType = sourcecode.swift; path = NetMonitor.swift; sourceTree = "<group>"; };
		5685469D28489C5200E5DDFE /* LoginPresenter.swift */ = {isa = PBXFileReference; lastKnownFileType = sourcecode.swift; path = LoginPresenter.swift; sourceTree = "<group>"; };
		56B05AC22840D81000CA0BB0 /* MainUIView.swift */ = {isa = PBXFileReference; lastKnownFileType = sourcecode.swift; path = MainUIView.swift; sourceTree = "<group>"; };
		56B05AC52840E14300CA0BB0 /* LoggingTree.swift */ = {isa = PBXFileReference; lastKnownFileType = sourcecode.swift; path = LoggingTree.swift; sourceTree = "<group>"; };
		56B05AC7284461F400CA0BB0 /* GoogleService-Info.plist */ = {isa = PBXFileReference; fileEncoding = 4; lastKnownFileType = text.plist.xml; path = "GoogleService-Info.plist"; sourceTree = "<group>"; };
		7555FF7B242A565900829871 /* iosApp.app */ = {isa = PBXFileReference; explicitFileType = wrapper.application; includeInIndex = 0; path = iosApp.app; sourceTree = BUILT_PRODUCTS_DIR; };
		7555FF8C242A565B00829871 /* Info.plist */ = {isa = PBXFileReference; lastKnownFileType = text.plist.xml; path = Info.plist; sourceTree = "<group>"; };
/* End PBXFileReference section */

/* Begin PBXFrameworksBuildPhase section */
		7555FF78242A565900829871 /* Frameworks */ = {
			isa = PBXFrameworksBuildPhase;
			buildActionMask = 2147483647;
			files = (
				56B05ACB2844666000CA0BB0 /* FirebaseAnalytics in Frameworks */,
				568546A62849F0B400E5DDFE /* iPhoneNumberField in Frameworks */,
				56B05AD12844666100CA0BB0 /* FirebaseCrashlytics in Frameworks */,
				56B05AD32844666100CA0BB0 /* FirebaseMessaging in Frameworks */,
				568546A12849CB9200E5DDFE /* InputMask in Frameworks */,
				56B05ACF2844666100CA0BB0 /* FirebaseAppCheck in Frameworks */,
				56B05ACD2844666100CA0BB0 /* FirebaseAnalyticsWithoutAdIdSupport in Frameworks */,
				561861F5284A128300C3CA28 /* AnyFormatKitSwiftUI in Frameworks */,
			);
			runOnlyForDeploymentPostprocessing = 0;
		};
/* End PBXFrameworksBuildPhase section */

/* Begin PBXGroup section */
		058557D7273AAEEB004C7B11 /* Preview Content */ = {
			isa = PBXGroup;
			children = (
				058557D8273AAEEB004C7B11 /* Preview Assets.xcassets */,
			);
			path = "Preview Content";
			sourceTree = "<group>";
		};
		560049252853473D003937A8 /* views_and_dialogs */ = {
			isa = PBXGroup;
			children = (
				560C7F4228508B2C002D6324 /* MenuView.swift */,
			);
			path = views_and_dialogs;
			sourceTree = "<group>";
		};
		5600492828534C93003937A8 /* alerts_and_views */ = {
			isa = PBXGroup;
			children = (
				5600492928534CD2003937A8 /* StandartAlert.swift */,
			);
			path = alerts_and_views;
			sourceTree = "<group>";
		};
		560C7F4128508392002D6324 /* main */ = {
			isa = PBXGroup;
			children = (
				560049252853473D003937A8 /* views_and_dialogs */,
				561AE9E62852FCD00016F92F /* profile */,
				561AE9E72852FD0F0016F92F /* doctors */,
				561AE9E82852FD710016F92F /* services */,
				56B05AC22840D81000CA0BB0 /* MainUIView.swift */,
				561AE9E42852F6570016F92F /* MainPresenter.swift */,
			);
			path = main;
			sourceTree = "<group>";
		};
		561AE9E62852FCD00016F92F /* profile */ = {
			isa = PBXGroup;
			children = (
				56773888285C868300A02722 /* recy */,
				561AE9E92852FDAC0016F92F /* ProfilePage.swift */,
				56511C6928586D5C009BE7CD /* ProfilePresenter.swift */,
			);
			path = profile;
			sourceTree = "<group>";
		};
		561AE9E72852FD0F0016F92F /* doctors */ = {
			isa = PBXGroup;
			children = (
				561AE9EB2852FDC10016F92F /* DoctorsPage.swift */,
			);
			path = doctors;
			sourceTree = "<group>";
		};
		561AE9E82852FD710016F92F /* services */ = {
			isa = PBXGroup;
			children = (
				561AE9ED2852FDD60016F92F /* ServicesPage.swift */,
			);
			path = services;
			sourceTree = "<group>";
		};
		562784EB2840C3FC00F48910 /* data */ = {
			isa = PBXGroup;
			children = (
				56773885285C753400A02722 /* model */,
				562784EC2840C43000F48910 /* SharedPreferenses.swift */,
				561861F6284DB66100C3CA28 /* Constants.swift */,
			);
			path = data;
			sourceTree = "<group>";
		};
		5663CFC8283F314F00EBD24B /* splash */ = {
			isa = PBXGroup;
			children = (
				5663CFC4283F303800EBD24B /* SplashUIView.swift */,
				5663CFC6283F314800EBD24B /* SplashPresenter.swift */,
			);
			path = splash;
			sourceTree = "<group>";
		};
		56773885285C753400A02722 /* model */ = {
			isa = PBXGroup;
			children = (
				56773886285C757700A02722 /* VisitResponseIos.swift */,
			);
			path = model;
			sourceTree = "<group>";
		};
		56773888285C868300A02722 /* recy */ = {
			isa = PBXGroup;
			children = (
				56773889285C86C700A02722 /* ProfileItem.swift */,
				5664383C28616D2C00FAA6F0 /* ProfileTitle.swift */,
			);
			path = recy;
			sourceTree = "<group>";
		};
		567D6CA1283CB91400C934C4 /* views */ = {
			isa = PBXGroup;
			children = (
				5600492828534C93003937A8 /* alerts_and_views */,
				5663CFC8283F314F00EBD24B /* splash */,
				5685469C28489AAF00E5DDFE /* login */,
				560C7F4128508392002D6324 /* main */,
			);
			path = views;
			sourceTree = "<group>";
		};
		5685469C28489AAF00E5DDFE /* login */ = {
			isa = PBXGroup;
			children = (
				5663CF8A283E05F300EBD24B /* LoginUiView.swift */,
				5685469D28489C5200E5DDFE /* LoginPresenter.swift */,
			);
			path = login;
			sourceTree = "<group>";
		};
		56B05AC42840E11C00CA0BB0 /* utils */ = {
			isa = PBXGroup;
			children = (
				56B05AC52840E14300CA0BB0 /* LoggingTree.swift */,
				5685469A284878AF00E5DDFE /* NetMonitor.swift */,
				560C7F3F28505CAB002D6324 /* Utils.swift */,
				5664383A2860898500FAA6F0 /* MDate.swift */,
			);
			path = utils;
			sourceTree = "<group>";
		};
		7555FF72242A565900829871 = {
			isa = PBXGroup;
			children = (
				7555FF7D242A565900829871 /* iosApp */,
				7555FF7C242A565900829871 /* Products */,
				7555FFB0242A642200829871 /* Frameworks */,
			);
			sourceTree = "<group>";
		};
		7555FF7C242A565900829871 /* Products */ = {
			isa = PBXGroup;
			children = (
				7555FF7B242A565900829871 /* iosApp.app */,
			);
			name = Products;
			sourceTree = "<group>";
		};
		7555FF7D242A565900829871 /* iosApp */ = {
			isa = PBXGroup;
			children = (
				56B05AC42840E11C00CA0BB0 /* utils */,
				562784EB2840C3FC00F48910 /* data */,
				567D6CA1283CB91400C934C4 /* views */,
				058557BA273AAA24004C7B11 /* Assets.xcassets */,
				7555FF8C242A565B00829871 /* Info.plist */,
				2152FB032600AC8F00CF470E /* iOSApp.swift */,
				56B05AC7284461F400CA0BB0 /* GoogleService-Info.plist */,
				058557D7273AAEEB004C7B11 /* Preview Content */,
			);
			path = iosApp;
			sourceTree = "<group>";
		};
		7555FFB0242A642200829871 /* Frameworks */ = {
			isa = PBXGroup;
			children = (
			);
			name = Frameworks;
			sourceTree = "<group>";
		};
/* End PBXGroup section */

/* Begin PBXNativeTarget section */
		7555FF7A242A565900829871 /* iosApp */ = {
			isa = PBXNativeTarget;
			buildConfigurationList = 7555FFA5242A565B00829871 /* Build configuration list for PBXNativeTarget "iosApp" */;
			buildPhases = (
				7555FFB5242A651A00829871 /* ShellScript */,
				7555FF77242A565900829871 /* Sources */,
				7555FF78242A565900829871 /* Frameworks */,
				7555FF79242A565900829871 /* Resources */,
				7555FFB4242A642300829871 /* Embed Frameworks */,
				56B05AD42844698900CA0BB0 /* ShellScript */,
			);
			buildRules = (
			);
			dependencies = (
			);
			name = iosApp;
			packageProductDependencies = (
				56B05ACA2844666000CA0BB0 /* FirebaseAnalytics */,
				56B05ACC2844666100CA0BB0 /* FirebaseAnalyticsWithoutAdIdSupport */,
				56B05ACE2844666100CA0BB0 /* FirebaseAppCheck */,
				56B05AD02844666100CA0BB0 /* FirebaseCrashlytics */,
				56B05AD22844666100CA0BB0 /* FirebaseMessaging */,
				568546A02849CB9200E5DDFE /* InputMask */,
				568546A52849F0B400E5DDFE /* iPhoneNumberField */,
				561861F4284A128300C3CA28 /* AnyFormatKitSwiftUI */,
			);
			productName = iosApp;
			productReference = 7555FF7B242A565900829871 /* iosApp.app */;
			productType = "com.apple.product-type.application";
		};
/* End PBXNativeTarget section */

/* Begin PBXProject section */
		7555FF73242A565900829871 /* Project object */ = {
			isa = PBXProject;
			attributes = {
				LastSwiftUpdateCheck = 1130;
				LastUpgradeCheck = 1130;
				ORGANIZATIONNAME = orgName;
				TargetAttributes = {
					7555FF7A242A565900829871 = {
						CreatedOnToolsVersion = 11.3.1;
					};
				};
			};
			buildConfigurationList = 7555FF76242A565900829871 /* Build configuration list for PBXProject "iosApp" */;
			compatibilityVersion = "Xcode 9.3";
			developmentRegion = en;
			hasScannedForEncodings = 0;
			knownRegions = (
				en,
				Base,
			);
			mainGroup = 7555FF72242A565900829871;
			packageReferences = (
				56B05AC92844666000CA0BB0 /* XCRemoteSwiftPackageReference "firebase-ios-sdk" */,
				5685469F2849CB9100E5DDFE /* XCRemoteSwiftPackageReference "input-mask-ios" */,
				568546A42849F0B400E5DDFE /* XCRemoteSwiftPackageReference "iPhoneNumberField" */,
				561861F3284A128300C3CA28 /* XCRemoteSwiftPackageReference "AnyFormatKitSwiftUI" */,
			);
			productRefGroup = 7555FF7C242A565900829871 /* Products */;
			projectDirPath = "";
			projectRoot = "";
			targets = (
				7555FF7A242A565900829871 /* iosApp */,
			);
		};
/* End PBXProject section */

/* Begin PBXResourcesBuildPhase section */
		7555FF79242A565900829871 /* Resources */ = {
			isa = PBXResourcesBuildPhase;
			buildActionMask = 2147483647;
			files = (
				058557D9273AAEEB004C7B11 /* Preview Assets.xcassets in Resources */,
				058557BB273AAA24004C7B11 /* Assets.xcassets in Resources */,
				56B05AC8284461F400CA0BB0 /* GoogleService-Info.plist in Resources */,
			);
			runOnlyForDeploymentPostprocessing = 0;
		};
/* End PBXResourcesBuildPhase section */

/* Begin PBXShellScriptBuildPhase section */
		56B05AD42844698900CA0BB0 /* ShellScript */ = {
			isa = PBXShellScriptBuildPhase;
			buildActionMask = 8;
			files = (
			);
			inputFileListPaths = (
			);
			inputPaths = (
				"${DWARF_DSYM_FOLDER_PATH}/${DWARF_DSYM_FILE_NAME}/Contents/Resources/DWARF/${TARGET_NAME}",
				"$(SRCROOT)/$(BUILT_PRODUCTS_DIR)/$(INFOPLIST_PATH)",
			);
			outputFileListPaths = (
			);
			outputPaths = (
			);
			runOnlyForDeploymentPostprocessing = 1;
			shellPath = /bin/sh;
			shellScript = "# Type a script or drag a script file from your workspace to insert its path.\n\"${BUILD_DIR%/Build/*}/SourcePackages/checkouts/firebase-ios-sdk/Crashlytics/run\"\n";
		};
		7555FFB5242A651A00829871 /* ShellScript */ = {
			isa = PBXShellScriptBuildPhase;
			buildActionMask = 12;
			files = (
			);
			inputFileListPaths = (
			);
			inputPaths = (
			);
			outputFileListPaths = (
			);
			outputPaths = (
			);
			runOnlyForDeploymentPostprocessing = 0;
			shellPath = /bin/sh;
			shellScript = "cd \"$SRCROOT/..\"\n./gradlew :shared:embedAndSignAppleFrameworkForXcode\n";
		};
/* End PBXShellScriptBuildPhase section */

/* Begin PBXSourcesBuildPhase section */
		7555FF77242A565900829871 /* Sources */ = {
			isa = PBXSourcesBuildPhase;
			buildActionMask = 2147483647;
			files = (
				562784ED2840C43000F48910 /* SharedPreferenses.swift in Sources */,
				560C7F4328508B2C002D6324 /* MenuView.swift in Sources */,
				5664383D28616D2C00FAA6F0 /* ProfileTitle.swift in Sources */,
				5663CF8B283E05F300EBD24B /* LoginUiView.swift in Sources */,
				5600492A28534CD2003937A8 /* StandartAlert.swift in Sources */,
				5677388A285C86C700A02722 /* ProfileItem.swift in Sources */,
				5685469B284878AF00E5DDFE /* NetMonitor.swift in Sources */,
				5685469E28489C5200E5DDFE /* LoginPresenter.swift in Sources */,
				561AE9EC2852FDC10016F92F /* DoctorsPage.swift in Sources */,
				56773887285C757700A02722 /* VisitResponseIos.swift in Sources */,
				56B05AC62840E14300CA0BB0 /* LoggingTree.swift in Sources */,
				561AE9E52852F6580016F92F /* MainPresenter.swift in Sources */,
				561861F7284DB66500C3CA28 /* Constants.swift in Sources */,
				2152FB042600AC8F00CF470E /* iOSApp.swift in Sources */,
				5664383B2860898500FAA6F0 /* MDate.swift in Sources */,
				560C7F4028505CAC002D6324 /* Utils.swift in Sources */,
				561AE9EA2852FDAC0016F92F /* ProfilePage.swift in Sources */,
				5663CFC5283F303800EBD24B /* SplashUIView.swift in Sources */,
				56511C6A28586D5C009BE7CD /* ProfilePresenter.swift in Sources */,
				5663CFC7283F314800EBD24B /* SplashPresenter.swift in Sources */,
				561AE9EE2852FDD60016F92F /* ServicesPage.swift in Sources */,
				56B05AC32840D81000CA0BB0 /* MainUIView.swift in Sources */,
			);
			runOnlyForDeploymentPostprocessing = 0;
		};
/* End PBXSourcesBuildPhase section */

/* Begin XCBuildConfiguration section */
		7555FFA3242A565B00829871 /* Debug */ = {
			isa = XCBuildConfiguration;
			buildSettings = {
				ALWAYS_SEARCH_USER_PATHS = NO;
				CLANG_ANALYZER_NONNULL = YES;
				CLANG_ANALYZER_NUMBER_OBJECT_CONVERSION = YES_AGGRESSIVE;
				CLANG_CXX_LANGUAGE_STANDARD = "gnu++14";
				CLANG_CXX_LIBRARY = "libc++";
				CLANG_ENABLE_MODULES = YES;
				CLANG_ENABLE_OBJC_ARC = YES;
				CLANG_ENABLE_OBJC_WEAK = YES;
				CLANG_WARN_BLOCK_CAPTURE_AUTORELEASING = YES;
				CLANG_WARN_BOOL_CONVERSION = YES;
				CLANG_WARN_COMMA = YES;
				CLANG_WARN_CONSTANT_CONVERSION = YES;
				CLANG_WARN_DEPRECATED_OBJC_IMPLEMENTATIONS = YES;
				CLANG_WARN_DIRECT_OBJC_ISA_USAGE = YES_ERROR;
				CLANG_WARN_DOCUMENTATION_COMMENTS = YES;
				CLANG_WARN_EMPTY_BODY = YES;
				CLANG_WARN_ENUM_CONVERSION = YES;
				CLANG_WARN_INFINITE_RECURSION = YES;
				CLANG_WARN_INT_CONVERSION = YES;
				CLANG_WARN_NON_LITERAL_NULL_CONVERSION = YES;
				CLANG_WARN_OBJC_IMPLICIT_RETAIN_SELF = YES;
				CLANG_WARN_OBJC_LITERAL_CONVERSION = YES;
				CLANG_WARN_OBJC_ROOT_CLASS = YES_ERROR;
				CLANG_WARN_QUOTED_INCLUDE_IN_FRAMEWORK_HEADER = YES;
				CLANG_WARN_RANGE_LOOP_ANALYSIS = YES;
				CLANG_WARN_STRICT_PROTOTYPES = YES;
				CLANG_WARN_SUSPICIOUS_MOVE = YES;
				CLANG_WARN_UNGUARDED_AVAILABILITY = YES_AGGRESSIVE;
				CLANG_WARN_UNREACHABLE_CODE = YES;
				CLANG_WARN__DUPLICATE_METHOD_MATCH = YES;
				COPY_PHASE_STRIP = NO;
				DEBUG_INFORMATION_FORMAT = "dwarf-with-dsym";
				ENABLE_STRICT_OBJC_MSGSEND = YES;
				ENABLE_TESTABILITY = YES;
				GCC_C_LANGUAGE_STANDARD = gnu11;
				GCC_DYNAMIC_NO_PIC = NO;
				GCC_NO_COMMON_BLOCKS = YES;
				GCC_OPTIMIZATION_LEVEL = 0;
				GCC_PREPROCESSOR_DEFINITIONS = (
					"DEBUG=1",
					"$(inherited)",
				);
				GCC_WARN_64_TO_32_BIT_CONVERSION = YES;
				GCC_WARN_ABOUT_RETURN_TYPE = YES_ERROR;
				GCC_WARN_UNDECLARED_SELECTOR = YES;
				GCC_WARN_UNINITIALIZED_AUTOS = YES_AGGRESSIVE;
				GCC_WARN_UNUSED_FUNCTION = YES;
				GCC_WARN_UNUSED_VARIABLE = YES;
				IPHONEOS_DEPLOYMENT_TARGET = 15.0;
				MTL_ENABLE_DEBUG_INFO = INCLUDE_SOURCE;
				MTL_FAST_MATH = YES;
				ONLY_ACTIVE_ARCH = YES;
				SDKROOT = iphoneos;
				SWIFT_ACTIVE_COMPILATION_CONDITIONS = DEBUG;
				SWIFT_OPTIMIZATION_LEVEL = "-Onone";
			};
			name = Debug;
		};
		7555FFA4242A565B00829871 /* Release */ = {
			isa = XCBuildConfiguration;
			buildSettings = {
				ALWAYS_SEARCH_USER_PATHS = NO;
				CLANG_ANALYZER_NONNULL = YES;
				CLANG_ANALYZER_NUMBER_OBJECT_CONVERSION = YES_AGGRESSIVE;
				CLANG_CXX_LANGUAGE_STANDARD = "gnu++14";
				CLANG_CXX_LIBRARY = "libc++";
				CLANG_ENABLE_MODULES = YES;
				CLANG_ENABLE_OBJC_ARC = YES;
				CLANG_ENABLE_OBJC_WEAK = YES;
				CLANG_WARN_BLOCK_CAPTURE_AUTORELEASING = YES;
				CLANG_WARN_BOOL_CONVERSION = YES;
				CLANG_WARN_COMMA = YES;
				CLANG_WARN_CONSTANT_CONVERSION = YES;
				CLANG_WARN_DEPRECATED_OBJC_IMPLEMENTATIONS = YES;
				CLANG_WARN_DIRECT_OBJC_ISA_USAGE = YES_ERROR;
				CLANG_WARN_DOCUMENTATION_COMMENTS = YES;
				CLANG_WARN_EMPTY_BODY = YES;
				CLANG_WARN_ENUM_CONVERSION = YES;
				CLANG_WARN_INFINITE_RECURSION = YES;
				CLANG_WARN_INT_CONVERSION = YES;
				CLANG_WARN_NON_LITERAL_NULL_CONVERSION = YES;
				CLANG_WARN_OBJC_IMPLICIT_RETAIN_SELF = YES;
				CLANG_WARN_OBJC_LITERAL_CONVERSION = YES;
				CLANG_WARN_OBJC_ROOT_CLASS = YES_ERROR;
				CLANG_WARN_QUOTED_INCLUDE_IN_FRAMEWORK_HEADER = YES;
				CLANG_WARN_RANGE_LOOP_ANALYSIS = YES;
				CLANG_WARN_STRICT_PROTOTYPES = YES;
				CLANG_WARN_SUSPICIOUS_MOVE = YES;
				CLANG_WARN_UNGUARDED_AVAILABILITY = YES_AGGRESSIVE;
				CLANG_WARN_UNREACHABLE_CODE = YES;
				CLANG_WARN__DUPLICATE_METHOD_MATCH = YES;
				COPY_PHASE_STRIP = NO;
				DEBUG_INFORMATION_FORMAT = "dwarf-with-dsym";
				ENABLE_NS_ASSERTIONS = NO;
				ENABLE_STRICT_OBJC_MSGSEND = YES;
				GCC_C_LANGUAGE_STANDARD = gnu11;
				GCC_NO_COMMON_BLOCKS = YES;
				GCC_WARN_64_TO_32_BIT_CONVERSION = YES;
				GCC_WARN_ABOUT_RETURN_TYPE = YES_ERROR;
				GCC_WARN_UNDECLARED_SELECTOR = YES;
				GCC_WARN_UNINITIALIZED_AUTOS = YES_AGGRESSIVE;
				GCC_WARN_UNUSED_FUNCTION = YES;
				GCC_WARN_UNUSED_VARIABLE = YES;
				IPHONEOS_DEPLOYMENT_TARGET = 15.0;
				MTL_ENABLE_DEBUG_INFO = NO;
				MTL_FAST_MATH = YES;
				SDKROOT = iphoneos;
				SWIFT_COMPILATION_MODE = wholemodule;
				SWIFT_OPTIMIZATION_LEVEL = "-O";
				VALIDATE_PRODUCT = YES;
			};
			name = Release;
		};
		7555FFA6242A565B00829871 /* Debug */ = {
			isa = XCBuildConfiguration;
			buildSettings = {
				ASSETCATALOG_COMPILER_APPICON_NAME = AppIcon;
				CODE_SIGN_STYLE = Automatic;
				DEVELOPMENT_ASSET_PATHS = "\"iosApp/Preview Content\"";
				ENABLE_PREVIEWS = YES;
				FRAMEWORK_SEARCH_PATHS = "$(SRCROOT)/../shared/build/xcode-frameworks/$(CONFIGURATION)/$(SDK_NAME)";
				INFOPLIST_FILE = iosApp/Info.plist;
				LD_RUNPATH_SEARCH_PATHS = (
					"$(inherited)",
					"@executable_path/Frameworks",
				);
				OTHER_LDFLAGS = (
					"$(inherited)",
					"-framework",
					shared,
				);
				PRODUCT_BUNDLE_IDENTIFIER = medhelp.iosApp;
				PRODUCT_NAME = "$(TARGET_NAME)";
				SWIFT_VERSION = 5.0;
				TARGETED_DEVICE_FAMILY = "1,2";
			};
			name = Debug;
		};
		7555FFA7242A565B00829871 /* Release */ = {
			isa = XCBuildConfiguration;
			buildSettings = {
				ASSETCATALOG_COMPILER_APPICON_NAME = AppIcon;
				CODE_SIGN_STYLE = Automatic;
				DEVELOPMENT_ASSET_PATHS = "\"iosApp/Preview Content\"";
				ENABLE_PREVIEWS = YES;
				FRAMEWORK_SEARCH_PATHS = "$(SRCROOT)/../shared/build/xcode-frameworks/$(CONFIGURATION)/$(SDK_NAME)";
				INFOPLIST_FILE = iosApp/Info.plist;
				LD_RUNPATH_SEARCH_PATHS = (
					"$(inherited)",
					"@executable_path/Frameworks",
				);
				OTHER_LDFLAGS = (
					"$(inherited)",
					"-framework",
					shared,
				);
				PRODUCT_BUNDLE_IDENTIFIER = medhelp.iosApp;
				PRODUCT_NAME = "$(TARGET_NAME)";
				SWIFT_VERSION = 5.0;
				TARGETED_DEVICE_FAMILY = "1,2";
			};
			name = Release;
		};
/* End XCBuildConfiguration section */

/* Begin XCConfigurationList section */
		7555FF76242A565900829871 /* Build configuration list for PBXProject "iosApp" */ = {
			isa = XCConfigurationList;
			buildConfigurations = (
				7555FFA3242A565B00829871 /* Debug */,
				7555FFA4242A565B00829871 /* Release */,
			);
			defaultConfigurationIsVisible = 0;
			defaultConfigurationName = Release;
		};
		7555FFA5242A565B00829871 /* Build configuration list for PBXNativeTarget "iosApp" */ = {
			isa = XCConfigurationList;
			buildConfigurations = (
				7555FFA6242A565B00829871 /* Debug */,
				7555FFA7242A565B00829871 /* Release */,
			);
			defaultConfigurationIsVisible = 0;
			defaultConfigurationName = Release;
		};
/* End XCConfigurationList section */

/* Begin XCRemoteSwiftPackageReference section */
		561861F3284A128300C3CA28 /* XCRemoteSwiftPackageReference "AnyFormatKitSwiftUI" */ = {
			isa = XCRemoteSwiftPackageReference;
			repositoryURL = "https://github.com/luximetr/AnyFormatKitSwiftUI.git";
			requirement = {
				kind = upToNextMajorVersion;
				minimumVersion = 0.5.3;
			};
		};
		5685469F2849CB9100E5DDFE /* XCRemoteSwiftPackageReference "input-mask-ios" */ = {
			isa = XCRemoteSwiftPackageReference;
			repositoryURL = "https://github.com/RedMadRobot/input-mask-ios";
			requirement = {
				kind = upToNextMajorVersion;
				minimumVersion = 6.0.0;
			};
		};
		568546A42849F0B400E5DDFE /* XCRemoteSwiftPackageReference "iPhoneNumberField" */ = {
			isa = XCRemoteSwiftPackageReference;
			repositoryURL = "https://github.com/MojtabaHs/iPhoneNumberField.git";
			requirement = {
				kind = upToNextMajorVersion;
				minimumVersion = 0.6.1;
			};
		};
		56B05AC92844666000CA0BB0 /* XCRemoteSwiftPackageReference "firebase-ios-sdk" */ = {
			isa = XCRemoteSwiftPackageReference;
			repositoryURL = "https://github.com/firebase/firebase-ios-sdk";
			requirement = {
				kind = upToNextMajorVersion;
				minimumVersion = 9.0.0;
			};
		};
/* End XCRemoteSwiftPackageReference section */

/* Begin XCSwiftPackageProductDependency section */
		561861F4284A128300C3CA28 /* AnyFormatKitSwiftUI */ = {
			isa = XCSwiftPackageProductDependency;
			package = 561861F3284A128300C3CA28 /* XCRemoteSwiftPackageReference "AnyFormatKitSwiftUI" */;
			productName = AnyFormatKitSwiftUI;
		};
		568546A02849CB9200E5DDFE /* InputMask */ = {
			isa = XCSwiftPackageProductDependency;
			package = 5685469F2849CB9100E5DDFE /* XCRemoteSwiftPackageReference "input-mask-ios" */;
			productName = InputMask;
		};
		568546A52849F0B400E5DDFE /* iPhoneNumberField */ = {
			isa = XCSwiftPackageProductDependency;
			package = 568546A42849F0B400E5DDFE /* XCRemoteSwiftPackageReference "iPhoneNumberField" */;
			productName = iPhoneNumberField;
		};
		56B05ACA2844666000CA0BB0 /* FirebaseAnalytics */ = {
			isa = XCSwiftPackageProductDependency;
			package = 56B05AC92844666000CA0BB0 /* XCRemoteSwiftPackageReference "firebase-ios-sdk" */;
			productName = FirebaseAnalytics;
		};
		56B05ACC2844666100CA0BB0 /* FirebaseAnalyticsWithoutAdIdSupport */ = {
			isa = XCSwiftPackageProductDependency;
			package = 56B05AC92844666000CA0BB0 /* XCRemoteSwiftPackageReference "firebase-ios-sdk" */;
			productName = FirebaseAnalyticsWithoutAdIdSupport;
		};
		56B05ACE2844666100CA0BB0 /* FirebaseAppCheck */ = {
			isa = XCSwiftPackageProductDependency;
			package = 56B05AC92844666000CA0BB0 /* XCRemoteSwiftPackageReference "firebase-ios-sdk" */;
			productName = FirebaseAppCheck;
		};
		56B05AD02844666100CA0BB0 /* FirebaseCrashlytics */ = {
			isa = XCSwiftPackageProductDependency;
			package = 56B05AC92844666000CA0BB0 /* XCRemoteSwiftPackageReference "firebase-ios-sdk" */;
			productName = FirebaseCrashlytics;
		};
		56B05AD22844666100CA0BB0 /* FirebaseMessaging */ = {
			isa = XCSwiftPackageProductDependency;
			package = 56B05AC92844666000CA0BB0 /* XCRemoteSwiftPackageReference "firebase-ios-sdk" */;
			productName = FirebaseMessaging;
		};
/* End XCSwiftPackageProductDependency section */
	};
	rootObject = 7555FF73242A565900829871 /* Project object */;
}
